
Microsoft Visual Studio Solution File, Format Version 12.00
# Visual Studio 14
VisualStudioVersion = 14.0.24720.0
MinimumVisualStudioVersion = 10.0.40219.1
Project("{FAE04EC0-301F-11D3-BF4B-00C04F79EFBC}") = "MQTTnetServer", "MQTTnetServer\MQTTnetServer.csproj", "{86876449-611E-44FC-9C09-37147AFB3A5F}"
EndProject
Project("{FAE04EC0-301F-11D3-BF4B-00C04F79EFBC}") = "MQTTnetClient", "MQTTnetClient\MQTTnetClient.csproj", "{A5542971-1466-4031-98EC-DD4FE6FDCEF8}"
EndProject
Global
	GlobalSection(SolutionConfigurationPlatforms) = preSolution
		Debug|Any CPU = Debug|Any CPU
		Release|Any CPU = Release|Any CPU
	EndGlobalSection
	GlobalSection(ProjectConfigurationPlatforms) = postSolution
		{86876449-611E-44FC-9C09-37147AFB3A5F}.Debug|Any CPU.ActiveCfg = Debug|Any CPU
		{86876449-611E-44FC-9C09-37147AFB3A5F}.Debug|Any CPU.Build.0 = Debug|Any CPU
		{86876449-611E-44FC-9C09-37147AFB3A5F}.Release|Any CPU.ActiveCfg = Release|Any CPU
		{86876449-611E-44FC-9C09-37147AFB3A5F}.Release|Any CPU.Build.0 = Release|Any CPU
		{A5542971-1466-4031-98EC-DD4FE6FDCEF8}.Debug|Any CPU.ActiveCfg = Debug|Any CPU
		{A5542971-1466-4031-98EC-DD4FE6FDCEF8}.Debug|Any CPU.Build.0 = Debug|Any CPU
		{A5542971-1466-4031-98EC-DD4FE6FDCEF8}.Release|Any CPU.ActiveCfg = Release|Any CPU
		{A5542971-1466-4031-98EC-DD4FE6FDCEF8}.Release|Any CPU.Build.0 = Release|Any CPU
	EndGlobalSection
	GlobalSection(SolutionProperties) = preSolution
		HideSolutionNode = FALSE
	EndGlobalSection
EndGlobal
